// !$*UTF8*$!
{
	archiveVersion = 1;
	classes = {
	};
	objectVersion = 46;
	objects = {

/* Begin PBXBuildFile section */
		BA3B6CE81DF48B130026E7C5 /* loan.cpp in Sources */ = {isa = PBXBuildFile; fileRef = BA3B6CE71DF48B130026E7C5 /* loan.cpp */; };
		BAF044651DF4832300818E2A /* main.cpp in Sources */ = {isa = PBXBuildFile; fileRef = BAF044641DF4832300818E2A /* main.cpp */; };
		BAF0446E1DF4876500818E2A /* Bank.cpp in Sources */ = {isa = PBXBuildFile; fileRef = BAF0446D1DF4876500818E2A /* Bank.cpp */; };
/* End PBXBuildFile section */

/* Begin PBXCopyFilesBuildPhase section */
		BAF0445F1DF4832300818E2A /* CopyFiles */ = {
			isa = PBXCopyFilesBuildPhase;
			buildActionMask = 2147483647;
			dstPath = /usr/share/man/man1/;
			dstSubfolderSpec = 0;
			files = (
			);
			runOnlyForDeploymentPostprocessing = 1;
		};
/* End PBXCopyFilesBuildPhase section */

/* Begin PBXFileReference section */
		BA3B6CE71DF48B130026E7C5 /* loan.cpp */ = {isa = PBXFileReference; fileEncoding = 4; lastKnownFileType = sourcecode.cpp.cpp; path = loan.cpp; sourceTree = "<group>"; };
		BAF044611DF4832300818E2A /* UI.cpp */ = {isa = PBXFileReference; explicitFileType = "compiled.mach-o.executable"; includeInIndex = 0; path = UI.cpp; sourceTree = BUILT_PRODUCTS_DIR; };
		BAF044641DF4832300818E2A /* main.cpp */ = {isa = PBXFileReference; lastKnownFileType = sourcecode.cpp.cpp; path = main.cpp; sourceTree = "<group>"; };
		BAF0446C1DF484D200818E2A /* Bank.h */ = {isa = PBXFileReference; fileEncoding = 4; lastKnownFileType = sourcecode.c.h; path = Bank.h; sourceTree = "<group>"; };
		BAF0446D1DF4876500818E2A /* Bank.cpp */ = {isa = PBXFileReference; fileEncoding = 4; lastKnownFileType = sourcecode.cpp.cpp; path = Bank.cpp; sourceTree = "<group>"; };
		BAF246471DF4B19400AFC0F7 /* Loan.h */ = {isa = PBXFileReference; fileEncoding = 4; lastKnownFileType = sourcecode.c.h; path = Loan.h; sourceTree = "<group>"; };
/* End PBXFileReference section */

/* Begin PBXFrameworksBuildPhase section */
		BAF0445E1DF4832300818E2A /* Frameworks */ = {
			isa = PBXFrameworksBuildPhase;
			buildActionMask = 2147483647;
			files = (
			);
			runOnlyForDeploymentPostprocessing = 0;
		};
/* End PBXFrameworksBuildPhase section */

/* Begin PBXGroup section */
		BAF044581DF4832300818E2A = {
			isa = PBXGroup;
			children = (
				BAF044631DF4832300818E2A /* UI.cpp */,
				BAF044621DF4832300818E2A /* Products */,
			);
			sourceTree = "<group>";
		};
		BAF044621DF4832300818E2A /* Products */ = {
			isa = PBXGroup;
			children = (
				BAF044611DF4832300818E2A /* UI.cpp */,
			);
			name = Products;
			sourceTree = "<group>";
		};
		BAF044631DF4832300818E2A /* UI.cpp */ = {
			isa = PBXGroup;
			children = (
				BAF246471DF4B19400AFC0F7 /* Loan.h */,
				BA3B6CE71DF48B130026E7C5 /* loan.cpp */,
				BAF0446D1DF4876500818E2A /* Bank.cpp */,
				BAF0446C1DF484D200818E2A /* Bank.h */,
				BAF044641DF4832300818E2A /* main.cpp */,
			);
			path = UI.cpp;
			sourceTree = "<group>";
		};
/* End PBXGroup section */

/* Begin PBXNativeTarget section */
		BAF044601DF4832300818E2A /* UI.cpp */ = {
			isa = PBXNativeTarget;
			buildConfigurationList = BAF044681DF4832300818E2A /* Build configuration list for PBXNativeTarget "UI.cpp" */;
			buildPhases = (
				BAF0445D1DF4832300818E2A /* Sources */,
				BAF0445E1DF4832300818E2A /* Frameworks */,
				BAF0445F1DF4832300818E2A /* CopyFiles */,
			);
			buildRules = (
			);
			dependencies = (
			);
			name = UI.cpp;
			productName = UI.cpp;
			productReference = BAF044611DF4832300818E2A /* UI.cpp */;
			productType = "com.apple.product-type.tool";
		};
/* End PBXNativeTarget section */

/* Begin PBXProject section */
		BAF044591DF4832300818E2A /* Project object */ = {
			isa = PBXProject;
			attributes = {
				LastUpgradeCheck = 0620;
				ORGANIZATIONNAME = nquinone;
				TargetAttributes = {
					BAF044601DF4832300818E2A = {
						CreatedOnToolsVersion = 6.2;
					};
				};
			};
			buildConfigurationList = BAF0445C1DF4832300818E2A /* Build configuration list for PBXProject "UI.cpp" */;
			compatibilityVersion = "Xcode 3.2";
			developmentRegion = English;
			hasScannedForEncodings = 0;
			knownRegions = (
				en,
			);
			mainGroup = BAF044581DF4832300818E2A;
			productRefGroup = BAF044621DF4832300818E2A /* Products */;
			projectDirPath = "";
			projectRoot = "";
			targets = (
				BAF044601DF4832300818E2A /* UI.cpp */,
			);
		};
/* End PBXProject section */

/* Begin PBXSourcesBuildPhase section */
		BAF0445D1DF4832300818E2A /* Sources */ = {
			isa = PBXSourcesBuildPhase;
			buildActionMask = 2147483647;
			files = (
				BAF044651DF4832300818E2A /* main.cpp in Sources */,
				BAF0446E1DF4876500818E2A /* Bank.cpp in Sources */,
				BA3B6CE81DF48B130026E7C5 /* loan.cpp in Sources */,
			);
			runOnlyForDeploymentPostprocessing = 0;
		};
/* End PBXSourcesBuildPhase section */

/* Begin XCBuildConfiguration section */
		BAF044661DF4832300818E2A /* Debug */ = {
			isa = XCBuildConfiguration;
			buildSettings = {
				ALWAYS_SEARCH_USER_PATHS = NO;
				CLANG_CXX_LANGUAGE_STANDARD = "gnu++0x";
				CLANG_CXX_LIBRARY = "libc++";
				CLANG_ENABLE_MODULES = YES;
				CLANG_ENABLE_OBJC_ARC = YES;
				CLANG_WARN_BOOL_CONVERSION = YES;
				CLANG_WARN_CONSTANT_CONVERSION = YES;
				CLANG_WARN_DIRECT_OBJC_ISA_USAGE = YES_ERROR;
				CLANG_WARN_EMPTY_BODY = YES;
				CLANG_WARN_ENUM_CONVERSION = YES;
				CLANG_WARN_INT_CONVERSION = YES;
				CLANG_WARN_OBJC_ROOT_CLASS = YES_ERROR;
				CLANG_WARN_UNREACHABLE_CODE = YES;
				CLANG_WARN__DUPLICATE_METHOD_MATCH = YES;
				COPY_PHASE_STRIP = NO;
				ENABLE_STRICT_OBJC_MSGSEND = YES;
				GCC_C_LANGUAGE_STANDARD = gnu99;
				GCC_DYNAMIC_NO_PIC = NO;
				GCC_OPTIMIZATION_LEVEL = 0;
				GCC_PREPROCESSOR_DEFINITIONS = (
					"DEBUG=1",
					"$(inherited)",
				);
				GCC_SYMBOLS_PRIVATE_EXTERN = NO;
				GCC_WARN_64_TO_32_BIT_CONVERSION = YES;
				GCC_WARN_ABOUT_RETURN_TYPE = YES_ERROR;
				GCC_WARN_UNDECLARED_SELECTOR = YES;
				GCC_WARN_UNINITIALIZED_AUTOS = YES_AGGRESSIVE;
				GCC_WARN_UNUSED_FUNCTION = YES;
				GCC_WARN_UNUSED_VARIABLE = YES;
				MACOSX_DEPLOYMENT_TARGET = 10.9;
				MTL_ENABLE_DEBUG_INFO = YES;
				ONLY_ACTIVE_ARCH = YES;
				SDKROOT = macosx;
			};
			name = Debug;
		};
		BAF044671DF4832300818E2A /* Release */ = {
			isa = XCBuildConfiguration;
			buildSettings = {
				ALWAYS_SEARCH_USER_PATHS = NO;
				CLANG_CXX_LANGUAGE_STANDARD = "gnu++0x";
				CLANG_CXX_LIBRARY = "libc++";
				CLANG_ENABLE_MODULES = YES;
				CLANG_ENABLE_OBJC_ARC = YES;
				CLANG_WARN_BOOL_CONVERSION = YES;
				CLANG_WARN_CONSTANT_CONVERSION = YES;
				CLANG_WARN_DIRECT_OBJC_ISA_USAGE = YES_ERROR;
				CLANG_WARN_EMPTY_BODY = YES;
				CLANG_WARN_ENUM_CONVERSION = YES;
				CLANG_WARN_INT_CONVERSION = YES;
				CLANG_WARN_OBJC_ROOT_CLASS = YES_ERROR;
				CLANG_WARN_UNREACHABLE_CODE = YES;
				CLANG_WARN__DUPLICATE_METHOD_MATCH = YES;
				COPY_PHASE_STRIP = NO;
				DEBUG_INFORMATION_FORMAT = "dwarf-with-dsym";
				ENABLE_NS_ASSERTIONS = NO;
				ENABLE_STRICT_OBJC_MSGSEND = YES;
				GCC_C_LANGUAGE_STANDARD = gnu99;
				GCC_WARN_64_TO_32_BIT_CONVERSION = YES;
				GCC_WARN_ABOUT_RETURN_TYPE = YES_ERROR;
				GCC_WARN_UNDECLARED_SELECTOR = YES;
				GCC_WARN_UNINITIALIZED_AUTOS = YES_AGGRESSIVE;
				GCC_WARN_UNUSED_FUNCTION = YES;
				GCC_WARN_UNUSED_VARIABLE = YES;
				MACOSX_DEPLOYMENT_TARGET = 10.9;
				MTL_ENABLE_DEBUG_INFO = NO;
				SDKROOT = macosx;
			};
			name = Release;
		};
		BAF044691DF4832300818E2A /* Debug */ = {
			isa = XCBuildConfiguration;
			buildSettings = {
				PRODUCT_NAME = "$(TARGET_NAME)";
			};
			name = Debug;
		};
		BAF0446A1DF4832300818E2A /* Release */ = {
			isa = XCBuildConfiguration;
			buildSettings = {
				PRODUCT_NAME = "$(TARGET_NAME)";
			};
			name = Release;
		};
/* End XCBuildConfiguration section */

/* Begin XCConfigurationList section */
		BAF0445C1DF4832300818E2A /* Build configuration list for PBXProject "UI.cpp" */ = {
			isa = XCConfigurationList;
			buildConfigurations = (
				BAF044661DF4832300818E2A /* Debug */,
				BAF044671DF4832300818E2A /* Release */,
			);
			defaultConfigurationIsVisible = 0;
			defaultConfigurationName = Release;
		};
		BAF044681DF4832300818E2A /* Build configuration list for PBXNativeTarget "UI.cpp" */ = {
			isa = XCConfigurationList;
			buildConfigurations = (
				BAF044691DF4832300818E2A /* Debug */,
				BAF0446A1DF4832300818E2A /* Release */,
			);
			defaultConfigurationIsVisible = 0;
			defaultConfigurationName = Release;
		};
/* End XCConfigurationList section */
	};
	rootObject = BAF044591DF4832300818E2A /* Project object */;
}
